github.com/titan2903/go-say-hallo v1.0.0 h1:WjTVNlHIO/YW8AnNd2uI75ufvsf2MCUioYItjcH/spc=
github.com/titan2903/go-say-hallo v1.0.0/go.mod h1:OKmVw2uF/jYzk94dsUwPIOhHe3dVr6FBLpd9nUic+Nw=
github.com/titan2903/go-say-hallo v1.5.0 h1:BgJI7PgQrZOAznE43TpH7sqKXL2l7wbynItrIoVNPXc=
github.com/titan2903/go-say-hallo v1.5.0/go.mod h1:OKmVw2uF/jYzk94dsUwPIOhHe3dVr6FBLpd9nUic+Nw=
github.com/titan2903/go-say-hallo/v2 v2.0.0 h1:KcYdcmpGoStsVgIbFkdrmxipMk4MypnbzuBYuhRG/A0=
github.com/titan2903/go-say-hallo/v2 v2.0.0/go.mod h1:wGQs+noYsH8n93PdUQ6qdmlEE8dDWiUYLd0WTvGyCN8=
